{
  "name": "react-backend",
  "version": "0.0.0",
  "lockfileVersion": 1,
  "requires": true,
  "dependencies": {
    "body-parser": {
      "version": "1.17.2",
      "resolved": "https://registry.npmjs.org/body-parser/-/body-parser-1.17.2.tgz",
      "integrity": "sha1-+IkqvI+eYn1Crtr7yma/WrmRBO4=",
      "dependencies": {
        "debug": {
          "version": "2.6.7",
          "resolved": "https://registry.npmjs.org/debug/-/debug-2.6.7.tgz",
          "integrity": "sha1-krrR9tBbu2u6Isyoi80OyJTChh4="
        }
      }
    },
    "cookie-parser": {
      "version": "1.4.3",
      "resolved": "https://registry.npmjs.org/cookie-parser/-/cookie-parser-1.4.3.tgz",
      "integrity": "sha1-D+MfoZ0AC5X0qt8fU/3CuKIDuqU="
    },
    "debug": {
      "version": "3.1.0",
      "resolved": "https://registry.npmjs.org/debug/-/debug-3.1.0.tgz",
      "integrity": "sha512-OX8XqP7/1a9cqkxYw2yXss15f26NKWBpDXQd0/uK/KPqdQhxbPa994hnzjcE2VqQpDslf55723cKPUOGSmMY3g==",
      "requires": {
        "ms": "2.0.0"
      }
    },
    "express": {
      "version": "4.15.3",
      "resolved": "https://registry.npmjs.org/express/-/express-4.15.3.tgz",
      "integrity": "sha1-urZdDwOqgMNYQIly/HAPkWlEtmI=",
      "dependencies": {
        "debug": {
          "version": "2.6.7",
          "resolved": "https://registry.npmjs.org/debug/-/debug-2.6.7.tgz",
          "integrity": "sha1-krrR9tBbu2u6Isyoi80OyJTChh4="
        }
      }
    },
    "express-jwt": {
      "version": "5.3.0",
      "resolved": "https://registry.npmjs.org/express-jwt/-/express-jwt-5.3.0.tgz",
      "integrity": "sha1-PZDNZYAuYzYlLxnmo98+FJ4MXqA="
    },
    "jade": {
      "version": "1.11.0",
      "resolved": "https://registry.npmjs.org/jade/-/jade-1.11.0.tgz",
      "integrity": "sha1-nIDlOMEtP7lcjZu5VZ+gzAQEBf0="
    },
    "jwks-rsa": {
      "version": "1.2.0",
      "resolved": "https://registry.npmjs.org/jwks-rsa/-/jwks-rsa-1.2.0.tgz",
      "integrity": "sha1-t+kluerAcirYY0rWp+l8fa7T1Mg="
    },
    "mongojs": {
      "version": "2.4.0",
      "resolved": "https://registry.npmjs.org/mongojs/-/mongojs-2.4.0.tgz",
      "integrity": "sha1-8of7/UV/7fWItakBHmhRPZ3TK/s="
    },
    "morgan": {
      "version": "1.8.2",
      "resolved": "https://registry.npmjs.org/morgan/-/morgan-1.8.2.tgz",
      "integrity": "sha1-eErHc05KRTqcbm6GgKkyknXItoc="
    },
    "ms": {
      "version": "2.0.0",
      "resolved": "https://registry.npmjs.org/ms/-/ms-2.0.0.tgz",
      "integrity": "sha1-VgiurfwAvmwpAd9fmGF4jeDVl8g="
    },
    "node-datetime": {
      "version": "1.0.1",
      "resolved": "https://registry.npmjs.org/node-datetime/-/node-datetime-1.0.1.tgz",
      "integrity": "sha1-eOAVnpEhVSmeVnPeEX+YFBSbgn0="
    },
    "octonode": {
      "version": "0.7.13",
      "resolved": "https://registry.npmjs.org/octonode/-/octonode-0.7.13.tgz",
      "integrity": "sha1-1myya57+/ECJ4N+IMKbvq3OXbK0="
    },
    "serve-favicon": {
      "version": "2.4.3",
      "resolved": "https://registry.npmjs.org/serve-favicon/-/serve-favicon-2.4.3.tgz",
      "integrity": "sha1-WYaxewUCZCtkHCH4GLGszjICXSM="
    }
  }
}
